
Microsoft Visual Studio Solution File, Format Version 12.00
# Visual Studio Version 17
VisualStudioVersion = 17.8.34511.84
MinimumVisualStudioVersion = 10.0.40219.1
Project("{FAE04EC0-301F-11D3-BF4B-00C04F79EFBC}") = "JamesAlfordAssignmentTwo", "JamesAlfordAssignmentTwo.csproj", "{D8319724-BAA3-4788-B277-69178EB71763}"
EndProject
Global
	GlobalSection(SolutionConfigurationPlatforms) = preSolution
		Debug|Any CPU = Debug|Any CPU
		Release|Any CPU = Release|Any CPU
	EndGlobalSection
	GlobalSection(ProjectConfigurationPlatforms) = postSolution
		{D8319724-BAA3-4788-B277-69178EB71763}.Debug|Any CPU.ActiveCfg = Debug|Any CPU
		{D8319724-BAA3-4788-B277-69178EB71763}.Debug|Any CPU.Build.0 = Debug|Any CPU
		{D8319724-BAA3-4788-B277-69178EB71763}.Release|Any CPU.ActiveCfg = Release|Any CPU
		{D8319724-BAA3-4788-B277-69178EB71763}.Release|Any CPU.Build.0 = Release|Any CPU
	EndGlobalSection
	GlobalSection(SolutionProperties) = preSolution
		HideSolutionNode = FALSE
	EndGlobalSection
	GlobalSection(ExtensibilityGlobals) = postSolution
		SolutionGuid = {0B518E7C-67B1-46CD-8C05-74D79CF96EE9}
	EndGlobalSection
EndGlobal
